// !$*UTF8*$!
{
	archiveVersion = 1;
	classes = {
	};
	objectVersion = 55;
	objects = {

/* Begin PBXBuildFile section */
		9413822B28E76AC000350AB0 /* Function.swift in Sources */ = {isa = PBXBuildFile; fileRef = 9413822A28E76ABF00350AB0 /* Function.swift */; };
		943FEFA628EF962F0016879C /* SolidShape.swift in Sources */ = {isa = PBXBuildFile; fileRef = 943FEFA528EF962F0016879C /* SolidShape.swift */; };
		943FEFA828EF96CC0016879C /* OutlineShape.swift in Sources */ = {isa = PBXBuildFile; fileRef = 943FEFA728EF96CC0016879C /* OutlineShape.swift */; };
		943FEFAA28EF97050016879C /* OutlineCircle.swift in Sources */ = {isa = PBXBuildFile; fileRef = 943FEFA928EF97050016879C /* OutlineCircle.swift */; };
		943FEFAC28EFAFFE0016879C /* OutlineTriangle.swift in Sources */ = {isa = PBXBuildFile; fileRef = 943FEFAB28EFAFFE0016879C /* OutlineTriangle.swift */; };
		943FEFAE28EFB00B0016879C /* OutlineRectangle.swift in Sources */ = {isa = PBXBuildFile; fileRef = 943FEFAD28EFB00B0016879C /* OutlineRectangle.swift */; };
		9461CDA028E88640005E90A8 /* Rectangle.swift in Sources */ = {isa = PBXBuildFile; fileRef = 9461CD9F28E88640005E90A8 /* Rectangle.swift */; };
		9461CDA228E89DCB005E90A8 /* Triangle.swift in Sources */ = {isa = PBXBuildFile; fileRef = 9461CDA128E89DCB005E90A8 /* Triangle.swift */; };
		9485BD9828E9F63C007FBB22 /* FreeDrawViewController.swift in Sources */ = {isa = PBXBuildFile; fileRef = 9485BD9728E9F63C007FBB22 /* FreeDrawViewController.swift */; };
		9485BD9A28EA0194007FBB22 /* Line.swift in Sources */ = {isa = PBXBuildFile; fileRef = 9485BD9928EA0194007FBB22 /* Line.swift */; };
		94AC75AA28E73F85007C685A /* AppDelegate.swift in Sources */ = {isa = PBXBuildFile; fileRef = 94AC75A928E73F85007C685A /* AppDelegate.swift */; };
		94AC75AC28E73F85007C685A /* SceneDelegate.swift in Sources */ = {isa = PBXBuildFile; fileRef = 94AC75AB28E73F85007C685A /* SceneDelegate.swift */; };
		94AC75AE28E73F85007C685A /* ViewController.swift in Sources */ = {isa = PBXBuildFile; fileRef = 94AC75AD28E73F85007C685A /* ViewController.swift */; };
		94AC75B128E73F85007C685A /* Main.storyboard in Resources */ = {isa = PBXBuildFile; fileRef = 94AC75AF28E73F85007C685A /* Main.storyboard */; };
		94AC75B328E73F86007C685A /* Assets.xcassets in Resources */ = {isa = PBXBuildFile; fileRef = 94AC75B228E73F86007C685A /* Assets.xcassets */; };
		94AC75B628E73F86007C685A /* LaunchScreen.storyboard in Resources */ = {isa = PBXBuildFile; fileRef = 94AC75B428E73F86007C685A /* LaunchScreen.storyboard */; };
		94AC75C028E73FC4007C685A /* DrawingItem.swift in Sources */ = {isa = PBXBuildFile; fileRef = 94AC75BD28E73FC4007C685A /* DrawingItem.swift */; };
		94AC75C128E73FC4007C685A /* Shape.swift in Sources */ = {isa = PBXBuildFile; fileRef = 94AC75BE28E73FC4007C685A /* Shape.swift */; };
		94AC75C228E73FC4007C685A /* DrawingView.swift in Sources */ = {isa = PBXBuildFile; fileRef = 94AC75BF28E73FC4007C685A /* DrawingView.swift */; };
		94AC75C428E75554007C685A /* Circle.swift in Sources */ = {isa = PBXBuildFile; fileRef = 94AC75C328E75554007C685A /* Circle.swift */; };
/* End PBXBuildFile section */

/* Begin PBXFileReference section */
		9413822A28E76ABF00350AB0 /* Function.swift */ = {isa = PBXFileReference; lastKnownFileType = sourcecode.swift; path = Function.swift; sourceTree = "<group>"; };
		943FEFA528EF962F0016879C /* SolidShape.swift */ = {isa = PBXFileReference; lastKnownFileType = sourcecode.swift; path = SolidShape.swift; sourceTree = "<group>"; };
		943FEFA728EF96CC0016879C /* OutlineShape.swift */ = {isa = PBXFileReference; lastKnownFileType = sourcecode.swift; path = OutlineShape.swift; sourceTree = "<group>"; };
		943FEFA928EF97050016879C /* OutlineCircle.swift */ = {isa = PBXFileReference; lastKnownFileType = sourcecode.swift; path = OutlineCircle.swift; sourceTree = "<group>"; };
		943FEFAB28EFAFFE0016879C /* OutlineTriangle.swift */ = {isa = PBXFileReference; lastKnownFileType = sourcecode.swift; path = OutlineTriangle.swift; sourceTree = "<group>"; };
		943FEFAD28EFB00B0016879C /* OutlineRectangle.swift */ = {isa = PBXFileReference; lastKnownFileType = sourcecode.swift; path = OutlineRectangle.swift; sourceTree = "<group>"; };
		9461CD9F28E88640005E90A8 /* Rectangle.swift */ = {isa = PBXFileReference; lastKnownFileType = sourcecode.swift; path = Rectangle.swift; sourceTree = "<group>"; };
		9461CDA128E89DCB005E90A8 /* Triangle.swift */ = {isa = PBXFileReference; lastKnownFileType = sourcecode.swift; path = Triangle.swift; sourceTree = "<group>"; };
		9485BD9728E9F63C007FBB22 /* FreeDrawViewController.swift */ = {isa = PBXFileReference; lastKnownFileType = sourcecode.swift; path = FreeDrawViewController.swift; sourceTree = "<group>"; };
		9485BD9928EA0194007FBB22 /* Line.swift */ = {isa = PBXFileReference; lastKnownFileType = sourcecode.swift; path = Line.swift; sourceTree = "<group>"; };
		94AC75A628E73F85007C685A /* HaoranSong-Lab3.app */ = {isa = PBXFileReference; explicitFileType = wrapper.application; includeInIndex = 0; path = "HaoranSong-Lab3.app"; sourceTree = BUILT_PRODUCTS_DIR; };
		94AC75A928E73F85007C685A /* AppDelegate.swift */ = {isa = PBXFileReference; lastKnownFileType = sourcecode.swift; path = AppDelegate.swift; sourceTree = "<group>"; };
		94AC75AB28E73F85007C685A /* SceneDelegate.swift */ = {isa = PBXFileReference; lastKnownFileType = sourcecode.swift; path = SceneDelegate.swift; sourceTree = "<group>"; };
		94AC75AD28E73F85007C685A /* ViewController.swift */ = {isa = PBXFileReference; lastKnownFileType = sourcecode.swift; path = ViewController.swift; sourceTree = "<group>"; };
		94AC75B028E73F85007C685A /* Base */ = {isa = PBXFileReference; lastKnownFileType = file.storyboard; name = Base; path = Base.lproj/Main.storyboard; sourceTree = "<group>"; };
		94AC75B228E73F86007C685A /* Assets.xcassets */ = {isa = PBXFileReference; lastKnownFileType = folder.assetcatalog; path = Assets.xcassets; sourceTree = "<group>"; };
		94AC75B528E73F86007C685A /* Base */ = {isa = PBXFileReference; lastKnownFileType = file.storyboard; name = Base; path = Base.lproj/LaunchScreen.storyboard; sourceTree = "<group>"; };
		94AC75B728E73F86007C685A /* Info.plist */ = {isa = PBXFileReference; lastKnownFileType = text.plist.xml; path = Info.plist; sourceTree = "<group>"; };
		94AC75BD28E73FC4007C685A /* DrawingItem.swift */ = {isa = PBXFileReference; fileEncoding = 4; lastKnownFileType = sourcecode.swift; path = DrawingItem.swift; sourceTree = "<group>"; };
		94AC75BE28E73FC4007C685A /* Shape.swift */ = {isa = PBXFileReference; fileEncoding = 4; lastKnownFileType = sourcecode.swift; path = Shape.swift; sourceTree = "<group>"; };
		94AC75BF28E73FC4007C685A /* DrawingView.swift */ = {isa = PBXFileReference; fileEncoding = 4; lastKnownFileType = sourcecode.swift; path = DrawingView.swift; sourceTree = "<group>"; };
		94AC75C328E75554007C685A /* Circle.swift */ = {isa = PBXFileReference; lastKnownFileType = sourcecode.swift; path = Circle.swift; sourceTree = "<group>"; };
/* End PBXFileReference section */

/* Begin PBXFrameworksBuildPhase section */
		94AC75A328E73F85007C685A /* Frameworks */ = {
			isa = PBXFrameworksBuildPhase;
			buildActionMask = 2147483647;
			files = (
			);
			runOnlyForDeploymentPostprocessing = 0;
		};
/* End PBXFrameworksBuildPhase section */

/* Begin PBXGroup section */
		94AC759D28E73F85007C685A = {
			isa = PBXGroup;
			children = (
				94AC75A828E73F85007C685A /* HaoranSong-Lab3 */,
				94AC75A728E73F85007C685A /* Products */,
			);
			sourceTree = "<group>";
		};
		94AC75A728E73F85007C685A /* Products */ = {
			isa = PBXGroup;
			children = (
				94AC75A628E73F85007C685A /* HaoranSong-Lab3.app */,
			);
			name = Products;
			sourceTree = "<group>";
		};
		94AC75A828E73F85007C685A /* HaoranSong-Lab3 */ = {
			isa = PBXGroup;
			children = (
				94AC75A928E73F85007C685A /* AppDelegate.swift */,
				94AC75AB28E73F85007C685A /* SceneDelegate.swift */,
				94AC75AD28E73F85007C685A /* ViewController.swift */,
				9485BD9728E9F63C007FBB22 /* FreeDrawViewController.swift */,
				9485BD9928EA0194007FBB22 /* Line.swift */,
				9413822A28E76ABF00350AB0 /* Function.swift */,
				94AC75BD28E73FC4007C685A /* DrawingItem.swift */,
				94AC75BF28E73FC4007C685A /* DrawingView.swift */,
				94AC75BE28E73FC4007C685A /* Shape.swift */,
				943FEFA528EF962F0016879C /* SolidShape.swift */,
				94AC75C328E75554007C685A /* Circle.swift */,
				943FEFA928EF97050016879C /* OutlineCircle.swift */,
				943FEFAB28EFAFFE0016879C /* OutlineTriangle.swift */,
				943FEFAD28EFB00B0016879C /* OutlineRectangle.swift */,
				943FEFA728EF96CC0016879C /* OutlineShape.swift */,
				9461CDA128E89DCB005E90A8 /* Triangle.swift */,
				9461CD9F28E88640005E90A8 /* Rectangle.swift */,
				94AC75AF28E73F85007C685A /* Main.storyboard */,
				94AC75B228E73F86007C685A /* Assets.xcassets */,
				94AC75B428E73F86007C685A /* LaunchScreen.storyboard */,
				94AC75B728E73F86007C685A /* Info.plist */,
			);
			path = "HaoranSong-Lab3";
			sourceTree = "<group>";
		};
/* End PBXGroup section */

/* Begin PBXNativeTarget section */
		94AC75A528E73F85007C685A /* HaoranSong-Lab3 */ = {
			isa = PBXNativeTarget;
			buildConfigurationList = 94AC75BA28E73F86007C685A /* Build configuration list for PBXNativeTarget "HaoranSong-Lab3" */;
			buildPhases = (
				94AC75A228E73F85007C685A /* Sources */,
				94AC75A328E73F85007C685A /* Frameworks */,
				94AC75A428E73F85007C685A /* Resources */,
			);
			buildRules = (
			);
			dependencies = (
			);
			name = "HaoranSong-Lab3";
			productName = "HaoranSong-Lab3";
			productReference = 94AC75A628E73F85007C685A /* HaoranSong-Lab3.app */;
			productType = "com.apple.product-type.application";
		};
/* End PBXNativeTarget section */

/* Begin PBXProject section */
		94AC759E28E73F85007C685A /* Project object */ = {
			isa = PBXProject;
			attributes = {
				BuildIndependentTargetsInParallel = 1;
				LastSwiftUpdateCheck = 1340;
				LastUpgradeCheck = 1340;
				TargetAttributes = {
					94AC75A528E73F85007C685A = {
						CreatedOnToolsVersion = 13.4.1;
					};
				};
			};
			buildConfigurationList = 94AC75A128E73F85007C685A /* Build configuration list for PBXProject "HaoranSong-Lab3" */;
			compatibilityVersion = "Xcode 13.0";
			developmentRegion = en;
			hasScannedForEncodings = 0;
			knownRegions = (
				en,
				Base,
			);
			mainGroup = 94AC759D28E73F85007C685A;
			productRefGroup = 94AC75A728E73F85007C685A /* Products */;
			projectDirPath = "";
			projectRoot = "";
			targets = (
				94AC75A528E73F85007C685A /* HaoranSong-Lab3 */,
			);
		};
/* End PBXProject section */

/* Begin PBXResourcesBuildPhase section */
		94AC75A428E73F85007C685A /* Resources */ = {
			isa = PBXResourcesBuildPhase;
			buildActionMask = 2147483647;
			files = (
				94AC75B628E73F86007C685A /* LaunchScreen.storyboard in Resources */,
				94AC75B328E73F86007C685A /* Assets.xcassets in Resources */,
				94AC75B128E73F85007C685A /* Main.storyboard in Resources */,
			);
			runOnlyForDeploymentPostprocessing = 0;
		};
/* End PBXResourcesBuildPhase section */

/* Begin PBXSourcesBuildPhase section */
		94AC75A228E73F85007C685A /* Sources */ = {
			isa = PBXSourcesBuildPhase;
			buildActionMask = 2147483647;
			files = (
				9413822B28E76AC000350AB0 /* Function.swift in Sources */,
				94AC75C428E75554007C685A /* Circle.swift in Sources */,
				943FEFAA28EF97050016879C /* OutlineCircle.swift in Sources */,
				94AC75C128E73FC4007C685A /* Shape.swift in Sources */,
				9461CDA028E88640005E90A8 /* Rectangle.swift in Sources */,
				943FEFA828EF96CC0016879C /* OutlineShape.swift in Sources */,
				943FEFAC28EFAFFE0016879C /* OutlineTriangle.swift in Sources */,
				94AC75AE28E73F85007C685A /* ViewController.swift in Sources */,
				94AC75AA28E73F85007C685A /* AppDelegate.swift in Sources */,
				943FEFAE28EFB00B0016879C /* OutlineRectangle.swift in Sources */,
				94AC75C228E73FC4007C685A /* DrawingView.swift in Sources */,
				9461CDA228E89DCB005E90A8 /* Triangle.swift in Sources */,
				94AC75AC28E73F85007C685A /* SceneDelegate.swift in Sources */,
				9485BD9A28EA0194007FBB22 /* Line.swift in Sources */,
				94AC75C028E73FC4007C685A /* DrawingItem.swift in Sources */,
				9485BD9828E9F63C007FBB22 /* FreeDrawViewController.swift in Sources */,
				943FEFA628EF962F0016879C /* SolidShape.swift in Sources */,
			);
			runOnlyForDeploymentPostprocessing = 0;
		};
/* End PBXSourcesBuildPhase section */

/* Begin PBXVariantGroup section */
		94AC75AF28E73F85007C685A /* Main.storyboard */ = {
			isa = PBXVariantGroup;
			children = (
				94AC75B028E73F85007C685A /* Base */,
			);
			name = Main.storyboard;
			sourceTree = "<group>";
		};
		94AC75B428E73F86007C685A /* LaunchScreen.storyboard */ = {
			isa = PBXVariantGroup;
			children = (
				94AC75B528E73F86007C685A /* Base */,
			);
			name = LaunchScreen.storyboard;
			sourceTree = "<group>";
		};
/* End PBXVariantGroup section */

/* Begin XCBuildConfiguration section */
		94AC75B828E73F86007C685A /* Debug */ = {
			isa = XCBuildConfiguration;
			buildSettings = {
				ALWAYS_SEARCH_USER_PATHS = NO;
				CLANG_ANALYZER_NONNULL = YES;
				CLANG_ANALYZER_NUMBER_OBJECT_CONVERSION = YES_AGGRESSIVE;
				CLANG_CXX_LANGUAGE_STANDARD = "gnu++17";
				CLANG_ENABLE_MODULES = YES;
				CLANG_ENABLE_OBJC_ARC = YES;
				CLANG_ENABLE_OBJC_WEAK = YES;
				CLANG_WARN_BLOCK_CAPTURE_AUTORELEASING = YES;
				CLANG_WARN_BOOL_CONVERSION = YES;
				CLANG_WARN_COMMA = YES;
				CLANG_WARN_CONSTANT_CONVERSION = YES;
				CLANG_WARN_DEPRECATED_OBJC_IMPLEMENTATIONS = YES;
				CLANG_WARN_DIRECT_OBJC_ISA_USAGE = YES_ERROR;
				CLANG_WARN_DOCUMENTATION_COMMENTS = YES;
				CLANG_WARN_EMPTY_BODY = YES;
				CLANG_WARN_ENUM_CONVERSION = YES;
				CLANG_WARN_INFINITE_RECURSION = YES;
				CLANG_WARN_INT_CONVERSION = YES;
				CLANG_WARN_NON_LITERAL_NULL_CONVERSION = YES;
				CLANG_WARN_OBJC_IMPLICIT_RETAIN_SELF = YES;
				CLANG_WARN_OBJC_LITERAL_CONVERSION = YES;
				CLANG_WARN_OBJC_ROOT_CLASS = YES_ERROR;
				CLANG_WARN_QUOTED_INCLUDE_IN_FRAMEWORK_HEADER = YES;
				CLANG_WARN_RANGE_LOOP_ANALYSIS = YES;
				CLANG_WARN_STRICT_PROTOTYPES = YES;
				CLANG_WARN_SUSPICIOUS_MOVE = YES;
				CLANG_WARN_UNGUARDED_AVAILABILITY = YES_AGGRESSIVE;
				CLANG_WARN_UNREACHABLE_CODE = YES;
				CLANG_WARN__DUPLICATE_METHOD_MATCH = YES;
				COPY_PHASE_STRIP = NO;
				DEBUG_INFORMATION_FORMAT = dwarf;
				ENABLE_STRICT_OBJC_MSGSEND = YES;
				ENABLE_TESTABILITY = YES;
				GCC_C_LANGUAGE_STANDARD = gnu11;
				GCC_DYNAMIC_NO_PIC = NO;
				GCC_NO_COMMON_BLOCKS = YES;
				GCC_OPTIMIZATION_LEVEL = 0;
				GCC_PREPROCESSOR_DEFINITIONS = (
					"DEBUG=1",
					"$(inherited)",
				);
				GCC_WARN_64_TO_32_BIT_CONVERSION = YES;
				GCC_WARN_ABOUT_RETURN_TYPE = YES_ERROR;
				GCC_WARN_UNDECLARED_SELECTOR = YES;
				GCC_WARN_UNINITIALIZED_AUTOS = YES_AGGRESSIVE;
				GCC_WARN_UNUSED_FUNCTION = YES;
				GCC_WARN_UNUSED_VARIABLE = YES;
				IPHONEOS_DEPLOYMENT_TARGET = 15.5;
				MTL_ENABLE_DEBUG_INFO = INCLUDE_SOURCE;
				MTL_FAST_MATH = YES;
				ONLY_ACTIVE_ARCH = YES;
				SDKROOT = iphoneos;
				SWIFT_ACTIVE_COMPILATION_CONDITIONS = DEBUG;
				SWIFT_OPTIMIZATION_LEVEL = "-Onone";
			};
			name = Debug;
		};
		94AC75B928E73F86007C685A /* Release */ = {
			isa = XCBuildConfiguration;
			buildSettings = {
				ALWAYS_SEARCH_USER_PATHS = NO;
				CLANG_ANALYZER_NONNULL = YES;
				CLANG_ANALYZER_NUMBER_OBJECT_CONVERSION = YES_AGGRESSIVE;
				CLANG_CXX_LANGUAGE_STANDARD = "gnu++17";
				CLANG_ENABLE_MODULES = YES;
				CLANG_ENABLE_OBJC_ARC = YES;
				CLANG_ENABLE_OBJC_WEAK = YES;
				CLANG_WARN_BLOCK_CAPTURE_AUTORELEASING = YES;
				CLANG_WARN_BOOL_CONVERSION = YES;
				CLANG_WARN_COMMA = YES;
				CLANG_WARN_CONSTANT_CONVERSION = YES;
				CLANG_WARN_DEPRECATED_OBJC_IMPLEMENTATIONS = YES;
				CLANG_WARN_DIRECT_OBJC_ISA_USAGE = YES_ERROR;
				CLANG_WARN_DOCUMENTATION_COMMENTS = YES;
				CLANG_WARN_EMPTY_BODY = YES;
				CLANG_WARN_ENUM_CONVERSION = YES;
				CLANG_WARN_INFINITE_RECURSION = YES;
				CLANG_WARN_INT_CONVERSION = YES;
				CLANG_WARN_NON_LITERAL_NULL_CONVERSION = YES;
				CLANG_WARN_OBJC_IMPLICIT_RETAIN_SELF = YES;
				CLANG_WARN_OBJC_LITERAL_CONVERSION = YES;
				CLANG_WARN_OBJC_ROOT_CLASS = YES_ERROR;
				CLANG_WARN_QUOTED_INCLUDE_IN_FRAMEWORK_HEADER = YES;
				CLANG_WARN_RANGE_LOOP_ANALYSIS = YES;
				CLANG_WARN_STRICT_PROTOTYPES = YES;
				CLANG_WARN_SUSPICIOUS_MOVE = YES;
				CLANG_WARN_UNGUARDED_AVAILABILITY = YES_AGGRESSIVE;
				CLANG_WARN_UNREACHABLE_CODE = YES;
				CLANG_WARN__DUPLICATE_METHOD_MATCH = YES;
				COPY_PHASE_STRIP = NO;
				DEBUG_INFORMATION_FORMAT = "dwarf-with-dsym";
				ENABLE_NS_ASSERTIONS = NO;
				ENABLE_STRICT_OBJC_MSGSEND = YES;
				GCC_C_LANGUAGE_STANDARD = gnu11;
				GCC_NO_COMMON_BLOCKS = YES;
				GCC_WARN_64_TO_32_BIT_CONVERSION = YES;
				GCC_WARN_ABOUT_RETURN_TYPE = YES_ERROR;
				GCC_WARN_UNDECLARED_SELECTOR = YES;
				GCC_WARN_UNINITIALIZED_AUTOS = YES_AGGRESSIVE;
				GCC_WARN_UNUSED_FUNCTION = YES;
				GCC_WARN_UNUSED_VARIABLE = YES;
				IPHONEOS_DEPLOYMENT_TARGET = 15.5;
				MTL_ENABLE_DEBUG_INFO = NO;
				MTL_FAST_MATH = YES;
				SDKROOT = iphoneos;
				SWIFT_COMPILATION_MODE = wholemodule;
				SWIFT_OPTIMIZATION_LEVEL = "-O";
				VALIDATE_PRODUCT = YES;
			};
			name = Release;
		};
		94AC75BB28E73F86007C685A /* Debug */ = {
			isa = XCBuildConfiguration;
			buildSettings = {
				ASSETCATALOG_COMPILER_APPICON_NAME = AppIcon;
				ASSETCATALOG_COMPILER_GLOBAL_ACCENT_COLOR_NAME = AccentColor;
				CODE_SIGN_STYLE = Automatic;
				CURRENT_PROJECT_VERSION = 1;
				DEVELOPMENT_TEAM = RTF5TJVD55;
				GENERATE_INFOPLIST_FILE = YES;
				INFOPLIST_FILE = "HaoranSong-Lab3/Info.plist";
				INFOPLIST_KEY_UIApplicationSupportsIndirectInputEvents = YES;
				INFOPLIST_KEY_UILaunchStoryboardName = LaunchScreen;
				INFOPLIST_KEY_UIMainStoryboardFile = Main;
				INFOPLIST_KEY_UISupportedInterfaceOrientations_iPad = "UIInterfaceOrientationPortrait UIInterfaceOrientationPortraitUpsideDown UIInterfaceOrientationLandscapeLeft UIInterfaceOrientationLandscapeRight";
				INFOPLIST_KEY_UISupportedInterfaceOrientations_iPhone = "UIInterfaceOrientationPortrait UIInterfaceOrientationLandscapeLeft UIInterfaceOrientationLandscapeRight";
				LD_RUNPATH_SEARCH_PATHS = (
					"$(inherited)",
					"@executable_path/Frameworks",
				);
				MARKETING_VERSION = 1.0;
				PRODUCT_BUNDLE_IDENTIFIER = "demo.HaoranSong-Lab3";
				PRODUCT_NAME = "$(TARGET_NAME)";
				SWIFT_EMIT_LOC_STRINGS = YES;
				SWIFT_VERSION = 5.0;
				TARGETED_DEVICE_FAMILY = "1,2";
			};
			name = Debug;
		};
		94AC75BC28E73F86007C685A /* Release */ = {
			isa = XCBuildConfiguration;
			buildSettings = {
				ASSETCATALOG_COMPILER_APPICON_NAME = AppIcon;
				ASSETCATALOG_COMPILER_GLOBAL_ACCENT_COLOR_NAME = AccentColor;
				CODE_SIGN_STYLE = Automatic;
				CURRENT_PROJECT_VERSION = 1;
				DEVELOPMENT_TEAM = RTF5TJVD55;
				GENERATE_INFOPLIST_FILE = YES;
				INFOPLIST_FILE = "HaoranSong-Lab3/Info.plist";
				INFOPLIST_KEY_UIApplicationSupportsIndirectInputEvents = YES;
				INFOPLIST_KEY_UILaunchStoryboardName = LaunchScreen;
				INFOPLIST_KEY_UIMainStoryboardFile = Main;
				INFOPLIST_KEY_UISupportedInterfaceOrientations_iPad = "UIInterfaceOrientationPortrait UIInterfaceOrientationPortraitUpsideDown UIInterfaceOrientationLandscapeLeft UIInterfaceOrientationLandscapeRight";
				INFOPLIST_KEY_UISupportedInterfaceOrientations_iPhone = "UIInterfaceOrientationPortrait UIInterfaceOrientationLandscapeLeft UIInterfaceOrientationLandscapeRight";
				LD_RUNPATH_SEARCH_PATHS = (
					"$(inherited)",
					"@executable_path/Frameworks",
				);
				MARKETING_VERSION = 1.0;
				PRODUCT_BUNDLE_IDENTIFIER = "demo.HaoranSong-Lab3";
				PRODUCT_NAME = "$(TARGET_NAME)";
				SWIFT_EMIT_LOC_STRINGS = YES;
				SWIFT_VERSION = 5.0;
				TARGETED_DEVICE_FAMILY = "1,2";
			};
			name = Release;
		};
/* End XCBuildConfiguration section */

/* Begin XCConfigurationList section */
		94AC75A128E73F85007C685A /* Build configuration list for PBXProject "HaoranSong-Lab3" */ = {
			isa = XCConfigurationList;
			buildConfigurations = (
				94AC75B828E73F86007C685A /* Debug */,
				94AC75B928E73F86007C685A /* Release */,
			);
			defaultConfigurationIsVisible = 0;
			defaultConfigurationName = Release;
		};
		94AC75BA28E73F86007C685A /* Build configuration list for PBXNativeTarget "HaoranSong-Lab3" */ = {
			isa = XCConfigurationList;
			buildConfigurations = (
				94AC75BB28E73F86007C685A /* Debug */,
				94AC75BC28E73F86007C685A /* Release */,
			);
			defaultConfigurationIsVisible = 0;
			defaultConfigurationName = Release;
		};
/* End XCConfigurationList section */
	};
	rootObject = 94AC759E28E73F85007C685A /* Project object */;
}
